
Microsoft Visual Studio Solution File, Format Version 12.00
Project("{2150E333-8FDC-42A3-9474-1A3956D46DE8}") = "Domain", "Domain", "{C2F18A16-B3BC-4D8A-AE21-055506A17F65}"
EndProject
Project("{FAE04EC0-301F-11D3-BF4B-00C04F79EFBC}") = "ST.HR.Domain.Entities", "Domain\ST.HR.Domain.Entities\ST.HR.Domain.Entities.csproj", "{8B4ACBAD-00DB-43C4-A41A-060969AC3F82}"
EndProject
Project("{FAE04EC0-301F-11D3-BF4B-00C04F79EFBC}") = "ST.HR.Domain.DAL", "Domain\ST.HR.Domain.DAL\ST.HR.Domain.DAL.csproj", "{0BF44530-37E2-444D-AA3E-72C04A240799}"
EndProject
Project("{2150E333-8FDC-42A3-9474-1A3956D46DE8}") = "UI", "UI", "{80390A4E-1844-4A37-8FC6-4044D42AAE6A}"
EndProject
Project("{FAE04EC0-301F-11D3-BF4B-00C04F79EFBC}") = "ST.HR.Domain.Common", "Domain\ST.HR.Domain.Common\ST.HR.Domain.Common.csproj", "{3CF284E6-3227-42C6-B44C-9E8B0849B688}"
EndProject
Project("{FAE04EC0-301F-11D3-BF4B-00C04F79EFBC}") = "ST.HR.UI", "UI\ST.HR.UI\ST.HR.UI.csproj", "{574770BA-0B3F-48EA-A184-626ED247C3EB}"
EndProject
Project("{2150E333-8FDC-42A3-9474-1A3956D46DE8}") = "Services", "Services", "{C2D081D4-594B-4BD8-848A-DCC97F171C14}"
EndProject
Project("{FAE04EC0-301F-11D3-BF4B-00C04F79EFBC}") = "ST.HR.Services.Sql", "Services\ST.HR.Services.Sql\ST.HR.Services.Sql.csproj", "{EC783179-3DDE-45CE-B623-0CD66A510847}"
EndProject
Project("{FAE04EC0-301F-11D3-BF4B-00C04F79EFBC}") = "ST.HR.Services.Sql.Interfaces", "Services\ST.HR.Services.Sql.Interfaces\ST.HR.Services.Sql.Interfaces.csproj", "{A807271E-C72D-412D-A6D9-735AD9E6B4A7}"
EndProject
Project("{2150E333-8FDC-42A3-9474-1A3956D46DE8}") = "Common", "Common", "{23805DF4-FE5F-4357-B692-70403E0B3CA9}"
EndProject
Project("{FAE04EC0-301F-11D3-BF4B-00C04F79EFBC}") = "ST.HR.Common.Tools", "Common\ST.HR.Common.Tools\ST.HR.Common.Tools.csproj", "{02A961C8-988E-4523-8AC9-D8382420F01B}"
EndProject
Project("{2150E333-8FDC-42A3-9474-1A3956D46DE8}") = "Tests", "Tests", "{0796155D-393F-4051-B5E1-037612709794}"
EndProject
Project("{FAE04EC0-301F-11D3-BF4B-00C04F79EFBC}") = "ST.HR.Tests.Services", "Tests\ST.HR.Tests.Services\ST.HR.Tests.Services.csproj", "{2F4E447A-C5DF-4023-AE63-9C02EA14550C}"
EndProject
Project("{FAE04EC0-301F-11D3-BF4B-00C04F79EFBC}") = "ST.HR.Tests.Common", "Tests\ST.HR.Tests.Common\ST.HR.Tests.Common.csproj", "{FC046BF5-8094-4F02-8A70-8B57E53307B2}"
EndProject
Project("{FAE04EC0-301F-11D3-BF4B-00C04F79EFBC}") = "ST.HR.Tests.UI", "Tests\ST.HR.Tests.UI\ST.HR.Tests.UI.csproj", "{7CADE639-7E54-4637-A2DB-15C1508BC6FF}"
EndProject
Global
	GlobalSection(SolutionConfigurationPlatforms) = preSolution
		Debug|Any CPU = Debug|Any CPU
		Release|Any CPU = Release|Any CPU
	EndGlobalSection
	GlobalSection(ProjectConfigurationPlatforms) = postSolution
		{8B4ACBAD-00DB-43C4-A41A-060969AC3F82}.Debug|Any CPU.ActiveCfg = Debug|Any CPU
		{8B4ACBAD-00DB-43C4-A41A-060969AC3F82}.Debug|Any CPU.Build.0 = Debug|Any CPU
		{8B4ACBAD-00DB-43C4-A41A-060969AC3F82}.Release|Any CPU.ActiveCfg = Release|Any CPU
		{8B4ACBAD-00DB-43C4-A41A-060969AC3F82}.Release|Any CPU.Build.0 = Release|Any CPU
		{0BF44530-37E2-444D-AA3E-72C04A240799}.Debug|Any CPU.ActiveCfg = Debug|Any CPU
		{0BF44530-37E2-444D-AA3E-72C04A240799}.Debug|Any CPU.Build.0 = Debug|Any CPU
		{0BF44530-37E2-444D-AA3E-72C04A240799}.Release|Any CPU.ActiveCfg = Release|Any CPU
		{0BF44530-37E2-444D-AA3E-72C04A240799}.Release|Any CPU.Build.0 = Release|Any CPU
		{3CF284E6-3227-42C6-B44C-9E8B0849B688}.Debug|Any CPU.ActiveCfg = Debug|Any CPU
		{3CF284E6-3227-42C6-B44C-9E8B0849B688}.Debug|Any CPU.Build.0 = Debug|Any CPU
		{3CF284E6-3227-42C6-B44C-9E8B0849B688}.Release|Any CPU.ActiveCfg = Release|Any CPU
		{3CF284E6-3227-42C6-B44C-9E8B0849B688}.Release|Any CPU.Build.0 = Release|Any CPU
		{574770BA-0B3F-48EA-A184-626ED247C3EB}.Debug|Any CPU.ActiveCfg = Debug|Any CPU
		{574770BA-0B3F-48EA-A184-626ED247C3EB}.Debug|Any CPU.Build.0 = Debug|Any CPU
		{574770BA-0B3F-48EA-A184-626ED247C3EB}.Release|Any CPU.ActiveCfg = Release|Any CPU
		{574770BA-0B3F-48EA-A184-626ED247C3EB}.Release|Any CPU.Build.0 = Release|Any CPU
		{EC783179-3DDE-45CE-B623-0CD66A510847}.Debug|Any CPU.ActiveCfg = Debug|Any CPU
		{EC783179-3DDE-45CE-B623-0CD66A510847}.Debug|Any CPU.Build.0 = Debug|Any CPU
		{EC783179-3DDE-45CE-B623-0CD66A510847}.Release|Any CPU.ActiveCfg = Release|Any CPU
		{EC783179-3DDE-45CE-B623-0CD66A510847}.Release|Any CPU.Build.0 = Release|Any CPU
		{A807271E-C72D-412D-A6D9-735AD9E6B4A7}.Debug|Any CPU.ActiveCfg = Debug|Any CPU
		{A807271E-C72D-412D-A6D9-735AD9E6B4A7}.Debug|Any CPU.Build.0 = Debug|Any CPU
		{A807271E-C72D-412D-A6D9-735AD9E6B4A7}.Release|Any CPU.ActiveCfg = Release|Any CPU
		{A807271E-C72D-412D-A6D9-735AD9E6B4A7}.Release|Any CPU.Build.0 = Release|Any CPU
		{02A961C8-988E-4523-8AC9-D8382420F01B}.Debug|Any CPU.ActiveCfg = Debug|Any CPU
		{02A961C8-988E-4523-8AC9-D8382420F01B}.Debug|Any CPU.Build.0 = Debug|Any CPU
		{02A961C8-988E-4523-8AC9-D8382420F01B}.Release|Any CPU.ActiveCfg = Release|Any CPU
		{02A961C8-988E-4523-8AC9-D8382420F01B}.Release|Any CPU.Build.0 = Release|Any CPU
		{2F4E447A-C5DF-4023-AE63-9C02EA14550C}.Debug|Any CPU.ActiveCfg = Debug|Any CPU
		{2F4E447A-C5DF-4023-AE63-9C02EA14550C}.Debug|Any CPU.Build.0 = Debug|Any CPU
		{2F4E447A-C5DF-4023-AE63-9C02EA14550C}.Release|Any CPU.ActiveCfg = Release|Any CPU
		{2F4E447A-C5DF-4023-AE63-9C02EA14550C}.Release|Any CPU.Build.0 = Release|Any CPU
		{FC046BF5-8094-4F02-8A70-8B57E53307B2}.Debug|Any CPU.ActiveCfg = Debug|Any CPU
		{FC046BF5-8094-4F02-8A70-8B57E53307B2}.Debug|Any CPU.Build.0 = Debug|Any CPU
		{FC046BF5-8094-4F02-8A70-8B57E53307B2}.Release|Any CPU.ActiveCfg = Release|Any CPU
		{FC046BF5-8094-4F02-8A70-8B57E53307B2}.Release|Any CPU.Build.0 = Release|Any CPU
		{7CADE639-7E54-4637-A2DB-15C1508BC6FF}.Debug|Any CPU.ActiveCfg = Debug|Any CPU
		{7CADE639-7E54-4637-A2DB-15C1508BC6FF}.Debug|Any CPU.Build.0 = Debug|Any CPU
		{7CADE639-7E54-4637-A2DB-15C1508BC6FF}.Release|Any CPU.ActiveCfg = Release|Any CPU
		{7CADE639-7E54-4637-A2DB-15C1508BC6FF}.Release|Any CPU.Build.0 = Release|Any CPU
	EndGlobalSection
	GlobalSection(NestedProjects) = preSolution
		{8B4ACBAD-00DB-43C4-A41A-060969AC3F82} = {C2F18A16-B3BC-4D8A-AE21-055506A17F65}
		{0BF44530-37E2-444D-AA3E-72C04A240799} = {C2F18A16-B3BC-4D8A-AE21-055506A17F65}
		{3CF284E6-3227-42C6-B44C-9E8B0849B688} = {C2F18A16-B3BC-4D8A-AE21-055506A17F65}
		{574770BA-0B3F-48EA-A184-626ED247C3EB} = {80390A4E-1844-4A37-8FC6-4044D42AAE6A}
		{EC783179-3DDE-45CE-B623-0CD66A510847} = {C2D081D4-594B-4BD8-848A-DCC97F171C14}
		{A807271E-C72D-412D-A6D9-735AD9E6B4A7} = {C2D081D4-594B-4BD8-848A-DCC97F171C14}
		{02A961C8-988E-4523-8AC9-D8382420F01B} = {23805DF4-FE5F-4357-B692-70403E0B3CA9}
		{2F4E447A-C5DF-4023-AE63-9C02EA14550C} = {0796155D-393F-4051-B5E1-037612709794}
		{FC046BF5-8094-4F02-8A70-8B57E53307B2} = {0796155D-393F-4051-B5E1-037612709794}
		{7CADE639-7E54-4637-A2DB-15C1508BC6FF} = {0796155D-393F-4051-B5E1-037612709794}
	EndGlobalSection
EndGlobal
